// !$*UTF8*$!
{
	archiveVersion = 1;
	classes = {
	};
	objectVersion = 46;
	objects = {

/* Begin PBXBuildFile section */
		AA3E4B8A1ED4281600F77CD5 /* AppDelegate.swift in Sources */ = {isa = PBXBuildFile; fileRef = AA3E4B891ED4281600F77CD5 /* AppDelegate.swift */; };
		AA3E4B8F1ED4281600F77CD5 /* Main.storyboard in Resources */ = {isa = PBXBuildFile; fileRef = AA3E4B8D1ED4281600F77CD5 /* Main.storyboard */; };
		AA3E4B911ED4281600F77CD5 /* Assets.xcassets in Resources */ = {isa = PBXBuildFile; fileRef = AA3E4B901ED4281600F77CD5 /* Assets.xcassets */; };
		AA3E4B941ED4281600F77CD5 /* LaunchScreen.storyboard in Resources */ = {isa = PBXBuildFile; fileRef = AA3E4B921ED4281600F77CD5 /* LaunchScreen.storyboard */; };
		AA3E4B9C1ED4290C00F77CD5 /* TableViewController.swift in Sources */ = {isa = PBXBuildFile; fileRef = AA3E4B9B1ED4290C00F77CD5 /* TableViewController.swift */; };
		AA3E4B9E1ED42CD000F77CD5 /* TableViewCell.swift in Sources */ = {isa = PBXBuildFile; fileRef = AA3E4B9D1ED42CD000F77CD5 /* TableViewCell.swift */; };
		AA3E4BA61ED508FD00F77CD5 /* Restaurant.swift in Sources */ = {isa = PBXBuildFile; fileRef = AA3E4BA51ED508FD00F77CD5 /* Restaurant.swift */; };
		AA3E4BA81ED50AFE00F77CD5 /* DetailViewController.swift in Sources */ = {isa = PBXBuildFile; fileRef = AA3E4BA71ED50AFE00F77CD5 /* DetailViewController.swift */; };
		AA3E4BAA1ED6DE8000F77CD5 /* DetailTableViewCell.swift in Sources */ = {isa = PBXBuildFile; fileRef = AA3E4BA91ED6DE8000F77CD5 /* DetailTableViewCell.swift */; };
/* End PBXBuildFile section */

/* Begin PBXFileReference section */
		AA3E4B861ED4281600F77CD5 /* TableView_FoodPin.app */ = {isa = PBXFileReference; explicitFileType = wrapper.application; includeInIndex = 0; path = TableView_FoodPin.app; sourceTree = BUILT_PRODUCTS_DIR; };
		AA3E4B891ED4281600F77CD5 /* AppDelegate.swift */ = {isa = PBXFileReference; lastKnownFileType = sourcecode.swift; path = AppDelegate.swift; sourceTree = "<group>"; };
		AA3E4B8E1ED4281600F77CD5 /* Base */ = {isa = PBXFileReference; lastKnownFileType = file.storyboard; name = Base; path = Base.lproj/Main.storyboard; sourceTree = "<group>"; };
		AA3E4B901ED4281600F77CD5 /* Assets.xcassets */ = {isa = PBXFileReference; lastKnownFileType = folder.assetcatalog; path = Assets.xcassets; sourceTree = "<group>"; };
		AA3E4B931ED4281600F77CD5 /* Base */ = {isa = PBXFileReference; lastKnownFileType = file.storyboard; name = Base; path = Base.lproj/LaunchScreen.storyboard; sourceTree = "<group>"; };
		AA3E4B951ED4281600F77CD5 /* Info.plist */ = {isa = PBXFileReference; lastKnownFileType = text.plist.xml; path = Info.plist; sourceTree = "<group>"; };
		AA3E4B9B1ED4290C00F77CD5 /* TableViewController.swift */ = {isa = PBXFileReference; fileEncoding = 4; lastKnownFileType = sourcecode.swift; path = TableViewController.swift; sourceTree = "<group>"; };
		AA3E4B9D1ED42CD000F77CD5 /* TableViewCell.swift */ = {isa = PBXFileReference; fileEncoding = 4; lastKnownFileType = sourcecode.swift; path = TableViewCell.swift; sourceTree = "<group>"; };
		AA3E4BA51ED508FD00F77CD5 /* Restaurant.swift */ = {isa = PBXFileReference; fileEncoding = 4; lastKnownFileType = sourcecode.swift; path = Restaurant.swift; sourceTree = "<group>"; };
		AA3E4BA71ED50AFE00F77CD5 /* DetailViewController.swift */ = {isa = PBXFileReference; fileEncoding = 4; lastKnownFileType = sourcecode.swift; path = DetailViewController.swift; sourceTree = "<group>"; };
		AA3E4BA91ED6DE8000F77CD5 /* DetailTableViewCell.swift */ = {isa = PBXFileReference; fileEncoding = 4; lastKnownFileType = sourcecode.swift; path = DetailTableViewCell.swift; sourceTree = "<group>"; };
/* End PBXFileReference section */

/* Begin PBXFrameworksBuildPhase section */
		AA3E4B831ED4281600F77CD5 /* Frameworks */ = {
			isa = PBXFrameworksBuildPhase;
			buildActionMask = 2147483647;
			files = (
			);
			runOnlyForDeploymentPostprocessing = 0;
		};
/* End PBXFrameworksBuildPhase section */

/* Begin PBXGroup section */
		AA3E4B7D1ED4281600F77CD5 = {
			isa = PBXGroup;
			children = (
				AA3E4B881ED4281600F77CD5 /* TableView_FoodPin */,
				AA3E4B871ED4281600F77CD5 /* Products */,
			);
			sourceTree = "<group>";
		};
		AA3E4B871ED4281600F77CD5 /* Products */ = {
			isa = PBXGroup;
			children = (
				AA3E4B861ED4281600F77CD5 /* TableView_FoodPin.app */,
			);
			name = Products;
			sourceTree = "<group>";
		};
		AA3E4B881ED4281600F77CD5 /* TableView_FoodPin */ = {
			isa = PBXGroup;
			children = (
				AA3E4B891ED4281600F77CD5 /* AppDelegate.swift */,
				AA3E4B8D1ED4281600F77CD5 /* Main.storyboard */,
				AA3E4B901ED4281600F77CD5 /* Assets.xcassets */,
				AA3E4B921ED4281600F77CD5 /* LaunchScreen.storyboard */,
				AA3E4B951ED4281600F77CD5 /* Info.plist */,
				AA3E4B9B1ED4290C00F77CD5 /* TableViewController.swift */,
				AA3E4B9D1ED42CD000F77CD5 /* TableViewCell.swift */,
				AA3E4BA51ED508FD00F77CD5 /* Restaurant.swift */,
				AA3E4BA71ED50AFE00F77CD5 /* DetailViewController.swift */,
				AA3E4BA91ED6DE8000F77CD5 /* DetailTableViewCell.swift */,
			);
			path = TableView_FoodPin;
			sourceTree = "<group>";
		};
/* End PBXGroup section */

/* Begin PBXNativeTarget section */
		AA3E4B851ED4281600F77CD5 /* TableView_FoodPin */ = {
			isa = PBXNativeTarget;
			buildConfigurationList = AA3E4B981ED4281600F77CD5 /* Build configuration list for PBXNativeTarget "TableView_FoodPin" */;
			buildPhases = (
				AA3E4B821ED4281600F77CD5 /* Sources */,
				AA3E4B831ED4281600F77CD5 /* Frameworks */,
				AA3E4B841ED4281600F77CD5 /* Resources */,
			);
			buildRules = (
			);
			dependencies = (
			);
			name = TableView_FoodPin;
			productName = TableView_FoodPin;
			productReference = AA3E4B861ED4281600F77CD5 /* TableView_FoodPin.app */;
			productType = "com.apple.product-type.application";
		};
/* End PBXNativeTarget section */

/* Begin PBXProject section */
		AA3E4B7E1ED4281600F77CD5 /* Project object */ = {
			isa = PBXProject;
			attributes = {
				LastSwiftUpdateCheck = 0830;
				LastUpgradeCheck = 0830;
				ORGANIZATIONNAME = LeoKao;
				TargetAttributes = {
					AA3E4B851ED4281600F77CD5 = {
						CreatedOnToolsVersion = 8.3.2;
						DevelopmentTeam = DZPBG2KR3X;
						ProvisioningStyle = Automatic;
					};
				};
			};
			buildConfigurationList = AA3E4B811ED4281600F77CD5 /* Build configuration list for PBXProject "TableView_FoodPin" */;
			compatibilityVersion = "Xcode 3.2";
			developmentRegion = English;
			hasScannedForEncodings = 0;
			knownRegions = (
				en,
				Base,
			);
			mainGroup = AA3E4B7D1ED4281600F77CD5;
			productRefGroup = AA3E4B871ED4281600F77CD5 /* Products */;
			projectDirPath = "";
			projectRoot = "";
			targets = (
				AA3E4B851ED4281600F77CD5 /* TableView_FoodPin */,
			);
		};
/* End PBXProject section */

/* Begin PBXResourcesBuildPhase section */
		AA3E4B841ED4281600F77CD5 /* Resources */ = {
			isa = PBXResourcesBuildPhase;
			buildActionMask = 2147483647;
			files = (
				AA3E4B941ED4281600F77CD5 /* LaunchScreen.storyboard in Resources */,
				AA3E4B911ED4281600F77CD5 /* Assets.xcassets in Resources */,
				AA3E4B8F1ED4281600F77CD5 /* Main.storyboard in Resources */,
			);
			runOnlyForDeploymentPostprocessing = 0;
		};
/* End PBXResourcesBuildPhase section */

/* Begin PBXSourcesBuildPhase section */
		AA3E4B821ED4281600F77CD5 /* Sources */ = {
			isa = PBXSourcesBuildPhase;
			buildActionMask = 2147483647;
			files = (
				AA3E4BAA1ED6DE8000F77CD5 /* DetailTableViewCell.swift in Sources */,
				AA3E4BA61ED508FD00F77CD5 /* Restaurant.swift in Sources */,
				AA3E4B9E1ED42CD000F77CD5 /* TableViewCell.swift in Sources */,
				AA3E4BA81ED50AFE00F77CD5 /* DetailViewController.swift in Sources */,
				AA3E4B9C1ED4290C00F77CD5 /* TableViewController.swift in Sources */,
				AA3E4B8A1ED4281600F77CD5 /* AppDelegate.swift in Sources */,
			);
			runOnlyForDeploymentPostprocessing = 0;
		};
/* End PBXSourcesBuildPhase section */

/* Begin PBXVariantGroup section */
		AA3E4B8D1ED4281600F77CD5 /* Main.storyboard */ = {
			isa = PBXVariantGroup;
			children = (
				AA3E4B8E1ED4281600F77CD5 /* Base */,
			);
			name = Main.storyboard;
			sourceTree = "<group>";
		};
		AA3E4B921ED4281600F77CD5 /* LaunchScreen.storyboard */ = {
			isa = PBXVariantGroup;
			children = (
				AA3E4B931ED4281600F77CD5 /* Base */,
			);
			name = LaunchScreen.storyboard;
			sourceTree = "<group>";
		};
/* End PBXVariantGroup section */

/* Begin XCBuildConfiguration section */
		AA3E4B961ED4281600F77CD5 /* Debug */ = {
			isa = XCBuildConfiguration;
			buildSettings = {
				ALWAYS_SEARCH_USER_PATHS = NO;
				CLANG_ANALYZER_NONNULL = YES;
				CLANG_ANALYZER_NUMBER_OBJECT_CONVERSION = YES_AGGRESSIVE;
				CLANG_CXX_LANGUAGE_STANDARD = "gnu++0x";
				CLANG_CXX_LIBRARY = "libc++";
				CLANG_ENABLE_MODULES = YES;
				CLANG_ENABLE_OBJC_ARC = YES;
				CLANG_WARN_BOOL_CONVERSION = YES;
				CLANG_WARN_CONSTANT_CONVERSION = YES;
				CLANG_WARN_DIRECT_OBJC_ISA_USAGE = YES_ERROR;
				CLANG_WARN_DOCUMENTATION_COMMENTS = YES;
				CLANG_WARN_EMPTY_BODY = YES;
				CLANG_WARN_ENUM_CONVERSION = YES;
				CLANG_WARN_INFINITE_RECURSION = YES;
				CLANG_WARN_INT_CONVERSION = YES;
				CLANG_WARN_OBJC_ROOT_CLASS = YES_ERROR;
				CLANG_WARN_SUSPICIOUS_MOVE = YES;
				CLANG_WARN_UNREACHABLE_CODE = YES;
				CLANG_WARN__DUPLICATE_METHOD_MATCH = YES;
				"CODE_SIGN_IDENTITY[sdk=iphoneos*]" = "iPhone Developer";
				COPY_PHASE_STRIP = NO;
				DEBUG_INFORMATION_FORMAT = dwarf;
				ENABLE_STRICT_OBJC_MSGSEND = YES;
				ENABLE_TESTABILITY = YES;
				GCC_C_LANGUAGE_STANDARD = gnu99;
				GCC_DYNAMIC_NO_PIC = NO;
				GCC_NO_COMMON_BLOCKS = YES;
				GCC_OPTIMIZATION_LEVEL = 0;
				GCC_PREPROCESSOR_DEFINITIONS = (
					"DEBUG=1",
					"$(inherited)",
				);
				GCC_WARN_64_TO_32_BIT_CONVERSION = YES;
				GCC_WARN_ABOUT_RETURN_TYPE = YES_ERROR;
				GCC_WARN_UNDECLARED_SELECTOR = YES;
				GCC_WARN_UNINITIALIZED_AUTOS = YES_AGGRESSIVE;
				GCC_WARN_UNUSED_FUNCTION = YES;
				GCC_WARN_UNUSED_VARIABLE = YES;
				IPHONEOS_DEPLOYMENT_TARGET = 10.3;
				MTL_ENABLE_DEBUG_INFO = YES;
				ONLY_ACTIVE_ARCH = YES;
				SDKROOT = iphoneos;
				SWIFT_ACTIVE_COMPILATION_CONDITIONS = DEBUG;
				SWIFT_OPTIMIZATION_LEVEL = "-Onone";
				TARGETED_DEVICE_FAMILY = "1,2";
			};
			name = Debug;
		};
		AA3E4B971ED4281600F77CD5 /* Release */ = {
			isa = XCBuildConfiguration;
			buildSettings = {
				ALWAYS_SEARCH_USER_PATHS = NO;
				CLANG_ANALYZER_NONNULL = YES;
				CLANG_ANALYZER_NUMBER_OBJECT_CONVERSION = YES_AGGRESSIVE;
				CLANG_CXX_LANGUAGE_STANDARD = "gnu++0x";
				CLANG_CXX_LIBRARY = "libc++";
				CLANG_ENABLE_MODULES = YES;
				CLANG_ENABLE_OBJC_ARC = YES;
				CLANG_WARN_BOOL_CONVERSION = YES;
				CLANG_WARN_CONSTANT_CONVERSION = YES;
				CLANG_WARN_DIRECT_OBJC_ISA_USAGE = YES_ERROR;
				CLANG_WARN_DOCUMENTATION_COMMENTS = YES;
				CLANG_WARN_EMPTY_BODY = YES;
				CLANG_WARN_ENUM_CONVERSION = YES;
				CLANG_WARN_INFINITE_RECURSION = YES;
				CLANG_WARN_INT_CONVERSION = YES;
				CLANG_WARN_OBJC_ROOT_CLASS = YES_ERROR;
				CLANG_WARN_SUSPICIOUS_MOVE = YES;
				CLANG_WARN_UNREACHABLE_CODE = YES;
				CLANG_WARN__DUPLICATE_METHOD_MATCH = YES;
				"CODE_SIGN_IDENTITY[sdk=iphoneos*]" = "iPhone Developer";
				COPY_PHASE_STRIP = NO;
				DEBUG_INFORMATION_FORMAT = "dwarf-with-dsym";
				ENABLE_NS_ASSERTIONS = NO;
				ENABLE_STRICT_OBJC_MSGSEND = YES;
				GCC_C_LANGUAGE_STANDARD = gnu99;
				GCC_NO_COMMON_BLOCKS = YES;
				GCC_WARN_64_TO_32_BIT_CONVERSION = YES;
				GCC_WARN_ABOUT_RETURN_TYPE = YES_ERROR;
				GCC_WARN_UNDECLARED_SELECTOR = YES;
				GCC_WARN_UNINITIALIZED_AUTOS = YES_AGGRESSIVE;
				GCC_WARN_UNUSED_FUNCTION = YES;
				GCC_WARN_UNUSED_VARIABLE = YES;
				IPHONEOS_DEPLOYMENT_TARGET = 10.3;
				MTL_ENABLE_DEBUG_INFO = NO;
				SDKROOT = iphoneos;
				SWIFT_OPTIMIZATION_LEVEL = "-Owholemodule";
				TARGETED_DEVICE_FAMILY = "1,2";
				VALIDATE_PRODUCT = YES;
			};
			name = Release;
		};
		AA3E4B991ED4281600F77CD5 /* Debug */ = {
			isa = XCBuildConfiguration;
			buildSettings = {
				ASSETCATALOG_COMPILER_APPICON_NAME = AppIcon;
				DEVELOPMENT_TEAM = DZPBG2KR3X;
				INFOPLIST_FILE = TableView_FoodPin/Info.plist;
				LD_RUNPATH_SEARCH_PATHS = "$(inherited) @executable_path/Frameworks";
				PRODUCT_BUNDLE_IDENTIFIER = "com.leokao.TableView-FoodPin";
				PRODUCT_NAME = "$(TARGET_NAME)";
				SWIFT_VERSION = 3.0;
			};
			name = Debug;
		};
		AA3E4B9A1ED4281600F77CD5 /* Release */ = {
			isa = XCBuildConfiguration;
			buildSettings = {
				ASSETCATALOG_COMPILER_APPICON_NAME = AppIcon;
				DEVELOPMENT_TEAM = DZPBG2KR3X;
				INFOPLIST_FILE = TableView_FoodPin/Info.plist;
				LD_RUNPATH_SEARCH_PATHS = "$(inherited) @executable_path/Frameworks";
				PRODUCT_BUNDLE_IDENTIFIER = "com.leokao.TableView-FoodPin";
				PRODUCT_NAME = "$(TARGET_NAME)";
				SWIFT_VERSION = 3.0;
			};
			name = Release;
		};
/* End XCBuildConfiguration section */

/* Begin XCConfigurationList section */
		AA3E4B811ED4281600F77CD5 /* Build configuration list for PBXProject "TableView_FoodPin" */ = {
			isa = XCConfigurationList;
			buildConfigurations = (
				AA3E4B961ED4281600F77CD5 /* Debug */,
				AA3E4B971ED4281600F77CD5 /* Release */,
			);
			defaultConfigurationIsVisible = 0;
			defaultConfigurationName = Release;
		};
		AA3E4B981ED4281600F77CD5 /* Build configuration list for PBXNativeTarget "TableView_FoodPin" */ = {
			isa = XCConfigurationList;
			buildConfigurations = (
				AA3E4B991ED4281600F77CD5 /* Debug */,
				AA3E4B9A1ED4281600F77CD5 /* Release */,
			);
			defaultConfigurationIsVisible = 0;
			defaultConfigurationName = Release;
		};
/* End XCConfigurationList section */
	};
	rootObject = AA3E4B7E1ED4281600F77CD5 /* Project object */;
}
